// !$*UTF8*$!
{
	archiveVersion = 1;
	classes = {
	};
	objectVersion = 56;
	objects = {

/* Begin PBXBuildFile section */
		2B2F9E9E2C23F01800267E45 /* AppDelegate.swift in Sources */ = {isa = PBXBuildFile; fileRef = 2B2F9E9D2C23F01800267E45 /* AppDelegate.swift */; };
		2B2F9EA02C23F01800267E45 /* art.scnassets in Resources */ = {isa = PBXBuildFile; fileRef = 2B2F9E9F2C23F01800267E45 /* art.scnassets */; };
		2B2F9EA22C23F01800267E45 /* GameViewController.swift in Sources */ = {isa = PBXBuildFile; fileRef = 2B2F9EA12C23F01800267E45 /* GameViewController.swift */; };
		2B2F9EA52C23F01800267E45 /* Main.storyboard in Resources */ = {isa = PBXBuildFile; fileRef = 2B2F9EA32C23F01800267E45 /* Main.storyboard */; };
		2B2F9EA72C23F01B00267E45 /* Assets.xcassets in Resources */ = {isa = PBXBuildFile; fileRef = 2B2F9EA62C23F01B00267E45 /* Assets.xcassets */; };
		2B2F9EAA2C23F01B00267E45 /* LaunchScreen.storyboard in Resources */ = {isa = PBXBuildFile; fileRef = 2B2F9EA82C23F01B00267E45 /* LaunchScreen.storyboard */; };
		2BCC0B152C2BBAF700B4F52E /* LuckiestGuy-Regular.ttf in Resources */ = {isa = PBXBuildFile; fileRef = 2BCC0B142C2BBAF700B4F52E /* LuckiestGuy-Regular.ttf */; };
		2BCC0B1B2C2BD0FA00B4F52E /* GameOver.mp3 in Resources */ = {isa = PBXBuildFile; fileRef = 2BCC0B182C2BD0FA00B4F52E /* GameOver.mp3 */; };
		2BCC0B1C2C2BD0FA00B4F52E /* Clear.mp3 in Resources */ = {isa = PBXBuildFile; fileRef = 2BCC0B192C2BD0FA00B4F52E /* Clear.mp3 */; };
		2BCC0B1D2C2BD0FA00B4F52E /* BGM.mp3 in Resources */ = {isa = PBXBuildFile; fileRef = 2BCC0B1A2C2BD0FA00B4F52E /* BGM.mp3 */; };
/* End PBXBuildFile section */

/* Begin PBXFileReference section */
		2B2F9E9A2C23F01800267E45 /* Tetris.app */ = {isa = PBXFileReference; explicitFileType = wrapper.application; includeInIndex = 0; path = Tetris.app; sourceTree = BUILT_PRODUCTS_DIR; };
		2B2F9E9D2C23F01800267E45 /* AppDelegate.swift */ = {isa = PBXFileReference; lastKnownFileType = sourcecode.swift; path = AppDelegate.swift; sourceTree = "<group>"; };
		2B2F9E9F2C23F01800267E45 /* art.scnassets */ = {isa = PBXFileReference; lastKnownFileType = wrapper.scnassets; path = art.scnassets; sourceTree = "<group>"; };
		2B2F9EA12C23F01800267E45 /* GameViewController.swift */ = {isa = PBXFileReference; lastKnownFileType = sourcecode.swift; path = GameViewController.swift; sourceTree = "<group>"; };
		2B2F9EA42C23F01800267E45 /* Base */ = {isa = PBXFileReference; lastKnownFileType = file.storyboard; name = Base; path = Base.lproj/Main.storyboard; sourceTree = "<group>"; };
		2B2F9EA62C23F01B00267E45 /* Assets.xcassets */ = {isa = PBXFileReference; lastKnownFileType = folder.assetcatalog; path = Assets.xcassets; sourceTree = "<group>"; };
		2B2F9EA92C23F01B00267E45 /* Base */ = {isa = PBXFileReference; lastKnownFileType = file.storyboard; name = Base; path = Base.lproj/LaunchScreen.storyboard; sourceTree = "<group>"; };
		2BCC0B142C2BBAF700B4F52E /* LuckiestGuy-Regular.ttf */ = {isa = PBXFileReference; lastKnownFileType = file; name = "LuckiestGuy-Regular.ttf"; path = "../../../../Downloads/Luckiest_Guy/LuckiestGuy-Regular.ttf"; sourceTree = "<group>"; };
		2BCC0B162C2BBB3300B4F52E /* Info.plist */ = {isa = PBXFileReference; lastKnownFileType = text.plist; path = Info.plist; sourceTree = "<group>"; };
		2BCC0B182C2BD0FA00B4F52E /* GameOver.mp3 */ = {isa = PBXFileReference; lastKnownFileType = audio.mp3; name = GameOver.mp3; path = ../../../../Downloads/GameOver.mp3; sourceTree = "<group>"; };
		2BCC0B192C2BD0FA00B4F52E /* Clear.mp3 */ = {isa = PBXFileReference; lastKnownFileType = audio.mp3; name = Clear.mp3; path = ../../../../Downloads/Clear.mp3; sourceTree = "<group>"; };
		2BCC0B1A2C2BD0FA00B4F52E /* BGM.mp3 */ = {isa = PBXFileReference; lastKnownFileType = audio.mp3; name = BGM.mp3; path = ../../../../Downloads/BGM.mp3; sourceTree = "<group>"; };
/* End PBXFileReference section */

/* Begin PBXFrameworksBuildPhase section */
		2B2F9E972C23F01800267E45 /* Frameworks */ = {
			isa = PBXFrameworksBuildPhase;
			buildActionMask = 2147483647;
			files = (
			);
			runOnlyForDeploymentPostprocessing = 0;
		};
/* End PBXFrameworksBuildPhase section */

/* Begin PBXGroup section */
		2B2F9E912C23F01800267E45 = {
			isa = PBXGroup;
			children = (
				2B2F9E9C2C23F01800267E45 /* Tetris */,
				2B2F9E9B2C23F01800267E45 /* Products */,
			);
			sourceTree = "<group>";
		};
		2B2F9E9B2C23F01800267E45 /* Products */ = {
			isa = PBXGroup;
			children = (
				2B2F9E9A2C23F01800267E45 /* Tetris.app */,
			);
			name = Products;
			sourceTree = "<group>";
		};
		2B2F9E9C2C23F01800267E45 /* Tetris */ = {
			isa = PBXGroup;
			children = (
				2BCC0B162C2BBB3300B4F52E /* Info.plist */,
				2BCC0B132C2BBAD700B4F52E /* Fonts */,
				2BCC0B172C2BD0BF00B4F52E /* Sounds */,
				2B2F9E9D2C23F01800267E45 /* AppDelegate.swift */,
				2B2F9E9F2C23F01800267E45 /* art.scnassets */,
				2B2F9EA12C23F01800267E45 /* GameViewController.swift */,
				2B2F9EA32C23F01800267E45 /* Main.storyboard */,
				2B2F9EA62C23F01B00267E45 /* Assets.xcassets */,
				2B2F9EA82C23F01B00267E45 /* LaunchScreen.storyboard */,
			);
			path = Tetris;
			sourceTree = "<group>";
		};
		2BCC0B132C2BBAD700B4F52E /* Fonts */ = {
			isa = PBXGroup;
			children = (
				2BCC0B142C2BBAF700B4F52E /* LuckiestGuy-Regular.ttf */,
			);
			path = Fonts;
			sourceTree = "<group>";
		};
		2BCC0B172C2BD0BF00B4F52E /* Sounds */ = {
			isa = PBXGroup;
			children = (
				2BCC0B1A2C2BD0FA00B4F52E /* BGM.mp3 */,
				2BCC0B192C2BD0FA00B4F52E /* Clear.mp3 */,
				2BCC0B182C2BD0FA00B4F52E /* GameOver.mp3 */,
			);
			path = Sounds;
			sourceTree = "<group>";
		};
/* End PBXGroup section */

/* Begin PBXNativeTarget section */
		2B2F9E992C23F01800267E45 /* Tetris */ = {
			isa = PBXNativeTarget;
			buildConfigurationList = 2B2F9EAD2C23F01B00267E45 /* Build configuration list for PBXNativeTarget "Tetris" */;
			buildPhases = (
				2B2F9E962C23F01800267E45 /* Sources */,
				2B2F9E972C23F01800267E45 /* Frameworks */,
				2B2F9E982C23F01800267E45 /* Resources */,
			);
			buildRules = (
			);
			dependencies = (
			);
			name = Tetris;
			productName = Tetris;
			productReference = 2B2F9E9A2C23F01800267E45 /* Tetris.app */;
			productType = "com.apple.product-type.application";
		};
/* End PBXNativeTarget section */

/* Begin PBXProject section */
		2B2F9E922C23F01800267E45 /* Project object */ = {
			isa = PBXProject;
			attributes = {
				BuildIndependentTargetsInParallel = 1;
				LastSwiftUpdateCheck = 1520;
				LastUpgradeCheck = 1520;
				TargetAttributes = {
					2B2F9E992C23F01800267E45 = {
						CreatedOnToolsVersion = 15.2;
					};
				};
			};
			buildConfigurationList = 2B2F9E952C23F01800267E45 /* Build configuration list for PBXProject "Tetris" */;
			compatibilityVersion = "Xcode 14.0";
			developmentRegion = en;
			hasScannedForEncodings = 0;
			knownRegions = (
				en,
				Base,
			);
			mainGroup = 2B2F9E912C23F01800267E45;
			productRefGroup = 2B2F9E9B2C23F01800267E45 /* Products */;
			projectDirPath = "";
			projectRoot = "";
			targets = (
				2B2F9E992C23F01800267E45 /* Tetris */,
			);
		};
/* End PBXProject section */

/* Begin PBXResourcesBuildPhase section */
		2B2F9E982C23F01800267E45 /* Resources */ = {
			isa = PBXResourcesBuildPhase;
			buildActionMask = 2147483647;
			files = (
				2B2F9EA02C23F01800267E45 /* art.scnassets in Resources */,
				2B2F9EAA2C23F01B00267E45 /* LaunchScreen.storyboard in Resources */,
				2BCC0B1C2C2BD0FA00B4F52E /* Clear.mp3 in Resources */,
				2BCC0B1D2C2BD0FA00B4F52E /* BGM.mp3 in Resources */,
				2B2F9EA72C23F01B00267E45 /* Assets.xcassets in Resources */,
				2BCC0B152C2BBAF700B4F52E /* LuckiestGuy-Regular.ttf in Resources */,
				2BCC0B1B2C2BD0FA00B4F52E /* GameOver.mp3 in Resources */,
				2B2F9EA52C23F01800267E45 /* Main.storyboard in Resources */,
			);
			runOnlyForDeploymentPostprocessing = 0;
		};
/* End PBXResourcesBuildPhase section */

/* Begin PBXSourcesBuildPhase section */
		2B2F9E962C23F01800267E45 /* Sources */ = {
			isa = PBXSourcesBuildPhase;
			buildActionMask = 2147483647;
			files = (
				2B2F9EA22C23F01800267E45 /* GameViewController.swift in Sources */,
				2B2F9E9E2C23F01800267E45 /* AppDelegate.swift in Sources */,
			);
			runOnlyForDeploymentPostprocessing = 0;
		};
/* End PBXSourcesBuildPhase section */

/* Begin PBXVariantGroup section */
		2B2F9EA32C23F01800267E45 /* Main.storyboard */ = {
			isa = PBXVariantGroup;
			children = (
				2B2F9EA42C23F01800267E45 /* Base */,
			);
			name = Main.storyboard;
			sourceTree = "<group>";
		};
		2B2F9EA82C23F01B00267E45 /* LaunchScreen.storyboard */ = {
			isa = PBXVariantGroup;
			children = (
				2B2F9EA92C23F01B00267E45 /* Base */,
			);
			name = LaunchScreen.storyboard;
			sourceTree = "<group>";
		};
/* End PBXVariantGroup section */

/* Begin XCBuildConfiguration section */
		2B2F9EAB2C23F01B00267E45 /* Debug */ = {
			isa = XCBuildConfiguration;
			buildSettings = {
				ALWAYS_SEARCH_USER_PATHS = NO;
				ASSETCATALOG_COMPILER_GENERATE_SWIFT_ASSET_SYMBOL_EXTENSIONS = YES;
				CLANG_ANALYZER_NONNULL = YES;
				CLANG_ANALYZER_NUMBER_OBJECT_CONVERSION = YES_AGGRESSIVE;
				CLANG_CXX_LANGUAGE_STANDARD = "gnu++20";
				CLANG_ENABLE_MODULES = YES;
				CLANG_ENABLE_OBJC_ARC = YES;
				CLANG_ENABLE_OBJC_WEAK = YES;
				CLANG_WARN_BLOCK_CAPTURE_AUTORELEASING = YES;
				CLANG_WARN_BOOL_CONVERSION = YES;
				CLANG_WARN_COMMA = YES;
				CLANG_WARN_CONSTANT_CONVERSION = YES;
				CLANG_WARN_DEPRECATED_OBJC_IMPLEMENTATIONS = YES;
				CLANG_WARN_DIRECT_OBJC_ISA_USAGE = YES_ERROR;
				CLANG_WARN_DOCUMENTATION_COMMENTS = YES;
				CLANG_WARN_EMPTY_BODY = YES;
				CLANG_WARN_ENUM_CONVERSION = YES;
				CLANG_WARN_INFINITE_RECURSION = YES;
				CLANG_WARN_INT_CONVERSION = YES;
				CLANG_WARN_NON_LITERAL_NULL_CONVERSION = YES;
				CLANG_WARN_OBJC_IMPLICIT_RETAIN_SELF = YES;
				CLANG_WARN_OBJC_LITERAL_CONVERSION = YES;
				CLANG_WARN_OBJC_ROOT_CLASS = YES_ERROR;
				CLANG_WARN_QUOTED_INCLUDE_IN_FRAMEWORK_HEADER = YES;
				CLANG_WARN_RANGE_LOOP_ANALYSIS = YES;
				CLANG_WARN_STRICT_PROTOTYPES = YES;
				CLANG_WARN_SUSPICIOUS_MOVE = YES;
				CLANG_WARN_UNGUARDED_AVAILABILITY = YES_AGGRESSIVE;
				CLANG_WARN_UNREACHABLE_CODE = YES;
				CLANG_WARN__DUPLICATE_METHOD_MATCH = YES;
				COPY_PHASE_STRIP = NO;
				DEBUG_INFORMATION_FORMAT = dwarf;
				ENABLE_STRICT_OBJC_MSGSEND = YES;
				ENABLE_TESTABILITY = YES;
				ENABLE_USER_SCRIPT_SANDBOXING = YES;
				GCC_C_LANGUAGE_STANDARD = gnu17;
				GCC_DYNAMIC_NO_PIC = NO;
				GCC_NO_COMMON_BLOCKS = YES;
				GCC_OPTIMIZATION_LEVEL = 0;
				GCC_PREPROCESSOR_DEFINITIONS = (
					"DEBUG=1",
					"$(inherited)",
				);
				GCC_WARN_64_TO_32_BIT_CONVERSION = YES;
				GCC_WARN_ABOUT_RETURN_TYPE = YES_ERROR;
				GCC_WARN_UNDECLARED_SELECTOR = YES;
				GCC_WARN_UNINITIALIZED_AUTOS = YES_AGGRESSIVE;
				GCC_WARN_UNUSED_FUNCTION = YES;
				GCC_WARN_UNUSED_VARIABLE = YES;
				IPHONEOS_DEPLOYMENT_TARGET = 17.2;
				LOCALIZATION_PREFERS_STRING_CATALOGS = YES;
				MTL_ENABLE_DEBUG_INFO = INCLUDE_SOURCE;
				MTL_FAST_MATH = YES;
				ONLY_ACTIVE_ARCH = YES;
				SDKROOT = iphoneos;
				SWIFT_ACTIVE_COMPILATION_CONDITIONS = "DEBUG $(inherited)";
				SWIFT_OPTIMIZATION_LEVEL = "-Onone";
			};
			name = Debug;
		};
		2B2F9EAC2C23F01B00267E45 /* Release */ = {
			isa = XCBuildConfiguration;
			buildSettings = {
				ALWAYS_SEARCH_USER_PATHS = NO;
				ASSETCATALOG_COMPILER_GENERATE_SWIFT_ASSET_SYMBOL_EXTENSIONS = YES;
				CLANG_ANALYZER_NONNULL = YES;
				CLANG_ANALYZER_NUMBER_OBJECT_CONVERSION = YES_AGGRESSIVE;
				CLANG_CXX_LANGUAGE_STANDARD = "gnu++20";
				CLANG_ENABLE_MODULES = YES;
				CLANG_ENABLE_OBJC_ARC = YES;
				CLANG_ENABLE_OBJC_WEAK = YES;
				CLANG_WARN_BLOCK_CAPTURE_AUTORELEASING = YES;
				CLANG_WARN_BOOL_CONVERSION = YES;
				CLANG_WARN_COMMA = YES;
				CLANG_WARN_CONSTANT_CONVERSION = YES;
				CLANG_WARN_DEPRECATED_OBJC_IMPLEMENTATIONS = YES;
				CLANG_WARN_DIRECT_OBJC_ISA_USAGE = YES_ERROR;
				CLANG_WARN_DOCUMENTATION_COMMENTS = YES;
				CLANG_WARN_EMPTY_BODY = YES;
				CLANG_WARN_ENUM_CONVERSION = YES;
				CLANG_WARN_INFINITE_RECURSION = YES;
				CLANG_WARN_INT_CONVERSION = YES;
				CLANG_WARN_NON_LITERAL_NULL_CONVERSION = YES;
				CLANG_WARN_OBJC_IMPLICIT_RETAIN_SELF = YES;
				CLANG_WARN_OBJC_LITERAL_CONVERSION = YES;
				CLANG_WARN_OBJC_ROOT_CLASS = YES_ERROR;
				CLANG_WARN_QUOTED_INCLUDE_IN_FRAMEWORK_HEADER = YES;
				CLANG_WARN_RANGE_LOOP_ANALYSIS = YES;
				CLANG_WARN_STRICT_PROTOTYPES = YES;
				CLANG_WARN_SUSPICIOUS_MOVE = YES;
				CLANG_WARN_UNGUARDED_AVAILABILITY = YES_AGGRESSIVE;
				CLANG_WARN_UNREACHABLE_CODE = YES;
				CLANG_WARN__DUPLICATE_METHOD_MATCH = YES;
				COPY_PHASE_STRIP = NO;
				DEBUG_INFORMATION_FORMAT = "dwarf-with-dsym";
				ENABLE_NS_ASSERTIONS = NO;
				ENABLE_STRICT_OBJC_MSGSEND = YES;
				ENABLE_USER_SCRIPT_SANDBOXING = YES;
				GCC_C_LANGUAGE_STANDARD = gnu17;
				GCC_NO_COMMON_BLOCKS = YES;
				GCC_WARN_64_TO_32_BIT_CONVERSION = YES;
				GCC_WARN_ABOUT_RETURN_TYPE = YES_ERROR;
				GCC_WARN_UNDECLARED_SELECTOR = YES;
				GCC_WARN_UNINITIALIZED_AUTOS = YES_AGGRESSIVE;
				GCC_WARN_UNUSED_FUNCTION = YES;
				GCC_WARN_UNUSED_VARIABLE = YES;
				IPHONEOS_DEPLOYMENT_TARGET = 17.2;
				LOCALIZATION_PREFERS_STRING_CATALOGS = YES;
				MTL_ENABLE_DEBUG_INFO = NO;
				MTL_FAST_MATH = YES;
				SDKROOT = iphoneos;
				SWIFT_COMPILATION_MODE = wholemodule;
				VALIDATE_PRODUCT = YES;
			};
			name = Release;
		};
		2B2F9EAE2C23F01B00267E45 /* Debug */ = {
			isa = XCBuildConfiguration;
			buildSettings = {
				ASSETCATALOG_COMPILER_APPICON_NAME = AppIcon;
				ASSETCATALOG_COMPILER_GLOBAL_ACCENT_COLOR_NAME = AccentColor;
				CODE_SIGN_STYLE = Automatic;
				CURRENT_PROJECT_VERSION = 1;
				DEVELOPMENT_TEAM = L5M2V9S862;
				GENERATE_INFOPLIST_FILE = YES;
				INFOPLIST_FILE = Tetris/Info.plist;
				INFOPLIST_KEY_UIApplicationSupportsIndirectInputEvents = YES;
				INFOPLIST_KEY_UILaunchStoryboardName = LaunchScreen;
				INFOPLIST_KEY_UIMainStoryboardFile = Main;
				INFOPLIST_KEY_UIStatusBarHidden = YES;
				INFOPLIST_KEY_UISupportedInterfaceOrientations_iPad = "UIInterfaceOrientationPortrait UIInterfaceOrientationPortraitUpsideDown UIInterfaceOrientationLandscapeLeft UIInterfaceOrientationLandscapeRight";
				INFOPLIST_KEY_UISupportedInterfaceOrientations_iPhone = "UIInterfaceOrientationPortrait UIInterfaceOrientationLandscapeLeft UIInterfaceOrientationLandscapeRight";
				LD_RUNPATH_SEARCH_PATHS = (
					"$(inherited)",
					"@executable_path/Frameworks",
				);
				MARKETING_VERSION = 1.0;
				PRODUCT_BUNDLE_IDENTIFIER = MDW.Tetris;
				PRODUCT_NAME = "$(TARGET_NAME)";
				SWIFT_EMIT_LOC_STRINGS = YES;
				SWIFT_VERSION = 5.0;
				TARGETED_DEVICE_FAMILY = "1,2";
			};
			name = Debug;
		};
		2B2F9EAF2C23F01B00267E45 /* Release */ = {
			isa = XCBuildConfiguration;
			buildSettings = {
				ASSETCATALOG_COMPILER_APPICON_NAME = AppIcon;
				ASSETCATALOG_COMPILER_GLOBAL_ACCENT_COLOR_NAME = AccentColor;
				CODE_SIGN_STYLE = Automatic;
				CURRENT_PROJECT_VERSION = 1;
				DEVELOPMENT_TEAM = L5M2V9S862;
				GENERATE_INFOPLIST_FILE = YES;
				INFOPLIST_FILE = Tetris/Info.plist;
				INFOPLIST_KEY_UIApplicationSupportsIndirectInputEvents = YES;
				INFOPLIST_KEY_UILaunchStoryboardName = LaunchScreen;
				INFOPLIST_KEY_UIMainStoryboardFile = Main;
				INFOPLIST_KEY_UIStatusBarHidden = YES;
				INFOPLIST_KEY_UISupportedInterfaceOrientations_iPad = "UIInterfaceOrientationPortrait UIInterfaceOrientationPortraitUpsideDown UIInterfaceOrientationLandscapeLeft UIInterfaceOrientationLandscapeRight";
				INFOPLIST_KEY_UISupportedInterfaceOrientations_iPhone = "UIInterfaceOrientationPortrait UIInterfaceOrientationLandscapeLeft UIInterfaceOrientationLandscapeRight";
				LD_RUNPATH_SEARCH_PATHS = (
					"$(inherited)",
					"@executable_path/Frameworks",
				);
				MARKETING_VERSION = 1.0;
				PRODUCT_BUNDLE_IDENTIFIER = MDW.Tetris;
				PRODUCT_NAME = "$(TARGET_NAME)";
				SWIFT_EMIT_LOC_STRINGS = YES;
				SWIFT_VERSION = 5.0;
				TARGETED_DEVICE_FAMILY = "1,2";
			};
			name = Release;
		};
/* End XCBuildConfiguration section */

/* Begin XCConfigurationList section */
		2B2F9E952C23F01800267E45 /* Build configuration list for PBXProject "Tetris" */ = {
			isa = XCConfigurationList;
			buildConfigurations = (
				2B2F9EAB2C23F01B00267E45 /* Debug */,
				2B2F9EAC2C23F01B00267E45 /* Release */,
			);
			defaultConfigurationIsVisible = 0;
			defaultConfigurationName = Release;
		};
		2B2F9EAD2C23F01B00267E45 /* Build configuration list for PBXNativeTarget "Tetris" */ = {
			isa = XCConfigurationList;
			buildConfigurations = (
				2B2F9EAE2C23F01B00267E45 /* Debug */,
				2B2F9EAF2C23F01B00267E45 /* Release */,
			);
			defaultConfigurationIsVisible = 0;
			defaultConfigurationName = Release;
		};
/* End XCConfigurationList section */
	};
	rootObject = 2B2F9E922C23F01800267E45 /* Project object */;
}
